
Microsoft Visual Studio Solution File, Format Version 12.00
# Visual Studio Version 16
VisualStudioVersion = 16.0.32002.261
MinimumVisualStudioVersion = 10.0.40219.1
Project("{FAE04EC0-301F-11D3-BF4B-00C04F79EFBC}") = "perhiazan", "perhiazan\perhiazan.csproj", "{2B793055-8807-4877-B765-F2A6DB2A4E9D}"
EndProject
Global
	GlobalSection(SolutionConfigurationPlatforms) = preSolution
		Debug|Any CPU = Debug|Any CPU
		Release|Any CPU = Release|Any CPU
	EndGlobalSection
	GlobalSection(ProjectConfigurationPlatforms) = postSolution
		{2B793055-8807-4877-B765-F2A6DB2A4E9D}.Debug|Any CPU.ActiveCfg = Debug|Any CPU
		{2B793055-8807-4877-B765-F2A6DB2A4E9D}.Debug|Any CPU.Build.0 = Debug|Any CPU
		{2B793055-8807-4877-B765-F2A6DB2A4E9D}.Release|Any CPU.ActiveCfg = Release|Any CPU
		{2B793055-8807-4877-B765-F2A6DB2A4E9D}.Release|Any CPU.Build.0 = Release|Any CPU
	EndGlobalSection
	GlobalSection(SolutionProperties) = preSolution
		HideSolutionNode = FALSE
	EndGlobalSection
	GlobalSection(ExtensibilityGlobals) = postSolution
		SolutionGuid = {DF2EEAB9-DF16-43BB-A7E5-518F542FAAF1}
	EndGlobalSection
EndGlobal
